
Microsoft Visual Studio Solution File, Format Version 12.00
# Visual Studio 15
VisualStudioVersion = 15.0.28307.136
MinimumVisualStudioVersion = 10.0.40219.1
Project("{FAE04EC0-301F-11D3-BF4B-00C04F79EFBC}") = "VisualGMT", "VisualGMT\VisualGMT.csproj", "{09A2153B-D794-4B6D-808D-2D3D34D5D5C8}"
EndProject
Project("{FAE04EC0-301F-11D3-BF4B-00C04F79EFBC}") = "GMT_GUI_component", "GMT_GUI_component\GMT_GUI_component.csproj", "{17BF47F1-8995-434D-A3AF-DA8C62D19797}"
EndProject
Project("{FAE04EC0-301F-11D3-BF4B-00C04F79EFBC}") = "GMT_BLL", "GMT_BLL\GMT_BLL.csproj", "{0B005193-7949-4A85-A03B-F82D3846A263}"
EndProject
Project("{2150E333-8FDC-42A3-9474-1A3956D46DE8}") = "Solution Items", "Solution Items", "{BDA74845-3D35-4D95-9EBF-DA3B5379DDE9}"
	ProjectSection(SolutionItems) = preProject
		README.MD = README.MD
	EndProjectSection
EndProject
Project("{FAE04EC0-301F-11D3-BF4B-00C04F79EFBC}") = "Syntax", "Syntax\Syntax.csproj", "{16E089FE-C6EF-44A3-9B70-06A84878D1B2}"
EndProject
Global
	GlobalSection(SolutionConfigurationPlatforms) = preSolution
		Debug|Any CPU = Debug|Any CPU
		Release|Any CPU = Release|Any CPU
	EndGlobalSection
	GlobalSection(ProjectConfigurationPlatforms) = postSolution
		{09A2153B-D794-4B6D-808D-2D3D34D5D5C8}.Debug|Any CPU.ActiveCfg = Debug|Any CPU
		{09A2153B-D794-4B6D-808D-2D3D34D5D5C8}.Debug|Any CPU.Build.0 = Debug|Any CPU
		{09A2153B-D794-4B6D-808D-2D3D34D5D5C8}.Release|Any CPU.ActiveCfg = Release|Any CPU
		{09A2153B-D794-4B6D-808D-2D3D34D5D5C8}.Release|Any CPU.Build.0 = Release|Any CPU
		{17BF47F1-8995-434D-A3AF-DA8C62D19797}.Debug|Any CPU.ActiveCfg = Debug|Any CPU
		{17BF47F1-8995-434D-A3AF-DA8C62D19797}.Debug|Any CPU.Build.0 = Debug|Any CPU
		{17BF47F1-8995-434D-A3AF-DA8C62D19797}.Release|Any CPU.ActiveCfg = Release|Any CPU
		{17BF47F1-8995-434D-A3AF-DA8C62D19797}.Release|Any CPU.Build.0 = Release|Any CPU
		{0B005193-7949-4A85-A03B-F82D3846A263}.Debug|Any CPU.ActiveCfg = Debug|Any CPU
		{0B005193-7949-4A85-A03B-F82D3846A263}.Debug|Any CPU.Build.0 = Debug|Any CPU
		{0B005193-7949-4A85-A03B-F82D3846A263}.Release|Any CPU.ActiveCfg = Release|Any CPU
		{0B005193-7949-4A85-A03B-F82D3846A263}.Release|Any CPU.Build.0 = Release|Any CPU
		{16E089FE-C6EF-44A3-9B70-06A84878D1B2}.Debug|Any CPU.ActiveCfg = Debug|Any CPU
		{16E089FE-C6EF-44A3-9B70-06A84878D1B2}.Debug|Any CPU.Build.0 = Debug|Any CPU
		{16E089FE-C6EF-44A3-9B70-06A84878D1B2}.Release|Any CPU.ActiveCfg = Release|Any CPU
		{16E089FE-C6EF-44A3-9B70-06A84878D1B2}.Release|Any CPU.Build.0 = Release|Any CPU
	EndGlobalSection
	GlobalSection(SolutionProperties) = preSolution
		HideSolutionNode = FALSE
	EndGlobalSection
	GlobalSection(ExtensibilityGlobals) = postSolution
		SolutionGuid = {5CBD131E-45F3-4741-A91B-86D85269AB2F}
	EndGlobalSection
EndGlobal
